
Microsoft Visual Studio Solution File, Format Version 12.00
# Visual Studio 2017
Project("{FAE04EC0-301F-11D3-BF4B-00C04F79EFBC}") = "Room with a View", "Room with a View.csproj", "{8A642DE3-DDD5-B610-ADC6-8F81E115500D}"
EndProject
Project("{FAE04EC0-301F-11D3-BF4B-00C04F79EFBC}") = "Room with a View.Plugins", "Room with a View.Plugins.csproj", "{3F36B2DF-513E-C19F-9654-3A274BCE7454}"
EndProject
Project("{FAE04EC0-301F-11D3-BF4B-00C04F79EFBC}") = "Room with a View.Editor.Plugins", "Room with a View.Editor.Plugins.csproj", "{71896467-7A91-8166-6849-6230376BFE41}"
EndProject
Project("{FAE04EC0-301F-11D3-BF4B-00C04F79EFBC}") = "Room with a View.Editor", "Room with a View.Editor.csproj", "{522262B6-EF44-A75D-FB65-0EB5DB328A72}"
EndProject
Global
	GlobalSection(SolutionConfigurationPlatforms) = preSolution
		Debug|Any CPU = Debug|Any CPU
		Release|Any CPU = Release|Any CPU
	EndGlobalSection
	GlobalSection(ProjectConfigurationPlatforms) = postSolution
		{8A642DE3-DDD5-B610-ADC6-8F81E115500D}.Debug|Any CPU.ActiveCfg = Debug|Any CPU
		{8A642DE3-DDD5-B610-ADC6-8F81E115500D}.Debug|Any CPU.Build.0 = Debug|Any CPU
		{8A642DE3-DDD5-B610-ADC6-8F81E115500D}.Release|Any CPU.ActiveCfg = Release|Any CPU
		{8A642DE3-DDD5-B610-ADC6-8F81E115500D}.Release|Any CPU.Build.0 = Release|Any CPU
		{3F36B2DF-513E-C19F-9654-3A274BCE7454}.Debug|Any CPU.ActiveCfg = Debug|Any CPU
		{3F36B2DF-513E-C19F-9654-3A274BCE7454}.Debug|Any CPU.Build.0 = Debug|Any CPU
		{3F36B2DF-513E-C19F-9654-3A274BCE7454}.Release|Any CPU.ActiveCfg = Release|Any CPU
		{3F36B2DF-513E-C19F-9654-3A274BCE7454}.Release|Any CPU.Build.0 = Release|Any CPU
		{71896467-7A91-8166-6849-6230376BFE41}.Debug|Any CPU.ActiveCfg = Debug|Any CPU
		{71896467-7A91-8166-6849-6230376BFE41}.Debug|Any CPU.Build.0 = Debug|Any CPU
		{71896467-7A91-8166-6849-6230376BFE41}.Release|Any CPU.ActiveCfg = Release|Any CPU
		{71896467-7A91-8166-6849-6230376BFE41}.Release|Any CPU.Build.0 = Release|Any CPU
		{522262B6-EF44-A75D-FB65-0EB5DB328A72}.Debug|Any CPU.ActiveCfg = Debug|Any CPU
		{522262B6-EF44-A75D-FB65-0EB5DB328A72}.Debug|Any CPU.Build.0 = Debug|Any CPU
		{522262B6-EF44-A75D-FB65-0EB5DB328A72}.Release|Any CPU.ActiveCfg = Release|Any CPU
		{522262B6-EF44-A75D-FB65-0EB5DB328A72}.Release|Any CPU.Build.0 = Release|Any CPU
	EndGlobalSection
	GlobalSection(SolutionProperties) = preSolution
		HideSolutionNode = FALSE
	EndGlobalSection
EndGlobal
